
Microsoft Visual Studio Solution File, Format Version 12.00
# Visual Studio 2013
VisualStudioVersion = 12.0.30501.0
MinimumVisualStudioVersion = 10.0.40219.1
Project("{8BC9CEB8-8B4A-11D0-8D11-00A0C91BC942}") = "iMain (2)", "iMain (2) - Copy.vcxproj", "{699A8062-43FC-4AB1-BD06-77F90A40C652}"
EndProject
Global
	GlobalSection(SolutionConfigurationPlatforms) = preSolution
		- Win32 Debug|Win32 = - Win32 Debug|Win32
		- Win32 Release|Win32 = - Win32 Release|Win32
	EndGlobalSection
	GlobalSection(ProjectConfigurationPlatforms) = postSolution
		{699A8062-43FC-4AB1-BD06-77F90A40C652}.- Win32 Debug|Win32.ActiveCfg = - Win32 Debug|Win32
		{699A8062-43FC-4AB1-BD06-77F90A40C652}.- Win32 Debug|Win32.Build.0 = - Win32 Debug|Win32
		{699A8062-43FC-4AB1-BD06-77F90A40C652}.- Win32 Release|Win32.ActiveCfg = - Win32 Release|Win32
		{699A8062-43FC-4AB1-BD06-77F90A40C652}.- Win32 Release|Win32.Build.0 = - Win32 Release|Win32
	EndGlobalSection
	GlobalSection(SolutionProperties) = preSolution
		HideSolutionNode = FALSE
	EndGlobalSection
EndGlobal
